
Microsoft Visual Studio Solution File, Format Version 12.00
# Visual Studio 15
VisualStudioVersion = 15.0.28307.421
MinimumVisualStudioVersion = 10.0.40219.1
Project("{FAE04EC0-301F-11D3-BF4B-00C04F79EFBC}") = "CrossPlatformXamarinFirstApp.Android", "CrossPlatformXamarinFirstApp\CrossPlatformXamarinFirstApp.Android\CrossPlatformXamarinFirstApp.Android.csproj", "{577411C5-87F7-473C-A845-75E076474ACC}"
EndProject
Project("{FAE04EC0-301F-11D3-BF4B-00C04F79EFBC}") = "CrossPlatformXamarinFirstApp.iOS", "CrossPlatformXamarinFirstApp\CrossPlatformXamarinFirstApp.iOS\CrossPlatformXamarinFirstApp.iOS.csproj", "{993D64EB-4757-479C-8CC9-44C6F06E9BA7}"
EndProject
Project("{FAE04EC0-301F-11D3-BF4B-00C04F79EFBC}") = "CrossPlatformXamarinFirstApp", "CrossPlatformXamarinFirstApp\CrossPlatformXamarinFirstApp\CrossPlatformXamarinFirstApp.csproj", "{BDCC3B12-6CCE-4546-8D96-C2F8B9A14F6F}"
EndProject
Global
	GlobalSection(SolutionConfigurationPlatforms) = preSolution
		Ad-Hoc|Any CPU = Ad-Hoc|Any CPU
		Ad-Hoc|iPhone = Ad-Hoc|iPhone
		Ad-Hoc|iPhoneSimulator = Ad-Hoc|iPhoneSimulator
		AppStore|Any CPU = AppStore|Any CPU
		AppStore|iPhone = AppStore|iPhone
		AppStore|iPhoneSimulator = AppStore|iPhoneSimulator
		Debug|Any CPU = Debug|Any CPU
		Debug|iPhone = Debug|iPhone
		Debug|iPhoneSimulator = Debug|iPhoneSimulator
		Release|Any CPU = Release|Any CPU
		Release|iPhone = Release|iPhone
		Release|iPhoneSimulator = Release|iPhoneSimulator
	EndGlobalSection
	GlobalSection(ProjectConfigurationPlatforms) = postSolution
		{577411C5-87F7-473C-A845-75E076474ACC}.Ad-Hoc|Any CPU.ActiveCfg = Release|Any CPU
		{577411C5-87F7-473C-A845-75E076474ACC}.Ad-Hoc|Any CPU.Build.0 = Release|Any CPU
		{577411C5-87F7-473C-A845-75E076474ACC}.Ad-Hoc|Any CPU.Deploy.0 = Release|Any CPU
		{577411C5-87F7-473C-A845-75E076474ACC}.Ad-Hoc|iPhone.ActiveCfg = Release|Any CPU
		{577411C5-87F7-473C-A845-75E076474ACC}.Ad-Hoc|iPhone.Build.0 = Release|Any CPU
		{577411C5-87F7-473C-A845-75E076474ACC}.Ad-Hoc|iPhone.Deploy.0 = Release|Any CPU
		{577411C5-87F7-473C-A845-75E076474ACC}.Ad-Hoc|iPhoneSimulator.ActiveCfg = Release|Any CPU
		{577411C5-87F7-473C-A845-75E076474ACC}.Ad-Hoc|iPhoneSimulator.Build.0 = Release|Any CPU
		{577411C5-87F7-473C-A845-75E076474ACC}.Ad-Hoc|iPhoneSimulator.Deploy.0 = Release|Any CPU
		{577411C5-87F7-473C-A845-75E076474ACC}.AppStore|Any CPU.ActiveCfg = Release|Any CPU
		{577411C5-87F7-473C-A845-75E076474ACC}.AppStore|Any CPU.Build.0 = Release|Any CPU
		{577411C5-87F7-473C-A845-75E076474ACC}.AppStore|Any CPU.Deploy.0 = Release|Any CPU
		{577411C5-87F7-473C-A845-75E076474ACC}.AppStore|iPhone.ActiveCfg = Release|Any CPU
		{577411C5-87F7-473C-A845-75E076474ACC}.AppStore|iPhone.Build.0 = Release|Any CPU
		{577411C5-87F7-473C-A845-75E076474ACC}.AppStore|iPhone.Deploy.0 = Release|Any CPU
		{577411C5-87F7-473C-A845-75E076474ACC}.AppStore|iPhoneSimulator.ActiveCfg = Release|Any CPU
		{577411C5-87F7-473C-A845-75E076474ACC}.AppStore|iPhoneSimulator.Build.0 = Release|Any CPU
		{577411C5-87F7-473C-A845-75E076474ACC}.AppStore|iPhoneSimulator.Deploy.0 = Release|Any CPU
		{577411C5-87F7-473C-A845-75E076474ACC}.Debug|Any CPU.ActiveCfg = Debug|Any CPU
		{577411C5-87F7-473C-A845-75E076474ACC}.Debug|Any CPU.Build.0 = Debug|Any CPU
		{577411C5-87F7-473C-A845-75E076474ACC}.Debug|Any CPU.Deploy.0 = Debug|Any CPU
		{577411C5-87F7-473C-A845-75E076474ACC}.Debug|iPhone.ActiveCfg = Debug|Any CPU
		{577411C5-87F7-473C-A845-75E076474ACC}.Debug|iPhone.Build.0 = Debug|Any CPU
		{577411C5-87F7-473C-A845-75E076474ACC}.Debug|iPhone.Deploy.0 = Debug|Any CPU
		{577411C5-87F7-473C-A845-75E076474ACC}.Debug|iPhoneSimulator.ActiveCfg = Debug|Any CPU
		{577411C5-87F7-473C-A845-75E076474ACC}.Debug|iPhoneSimulator.Build.0 = Debug|Any CPU
		{577411C5-87F7-473C-A845-75E076474ACC}.Debug|iPhoneSimulator.Deploy.0 = Debug|Any CPU
		{577411C5-87F7-473C-A845-75E076474ACC}.Release|Any CPU.ActiveCfg = Release|Any CPU
		{577411C5-87F7-473C-A845-75E076474ACC}.Release|Any CPU.Build.0 = Release|Any CPU
		{577411C5-87F7-473C-A845-75E076474ACC}.Release|Any CPU.Deploy.0 = Release|Any CPU
		{577411C5-87F7-473C-A845-75E076474ACC}.Release|iPhone.ActiveCfg = Release|Any CPU
		{577411C5-87F7-473C-A845-75E076474ACC}.Release|iPhone.Build.0 = Release|Any CPU
		{577411C5-87F7-473C-A845-75E076474ACC}.Release|iPhone.Deploy.0 = Release|Any CPU
		{577411C5-87F7-473C-A845-75E076474ACC}.Release|iPhoneSimulator.ActiveCfg = Release|Any CPU
		{577411C5-87F7-473C-A845-75E076474ACC}.Release|iPhoneSimulator.Build.0 = Release|Any CPU
		{577411C5-87F7-473C-A845-75E076474ACC}.Release|iPhoneSimulator.Deploy.0 = Release|Any CPU
		{993D64EB-4757-479C-8CC9-44C6F06E9BA7}.Ad-Hoc|Any CPU.ActiveCfg = Ad-Hoc|iPhone
		{993D64EB-4757-479C-8CC9-44C6F06E9BA7}.Ad-Hoc|Any CPU.Build.0 = Ad-Hoc|iPhone
		{993D64EB-4757-479C-8CC9-44C6F06E9BA7}.Ad-Hoc|Any CPU.Deploy.0 = Ad-Hoc|iPhone
		{993D64EB-4757-479C-8CC9-44C6F06E9BA7}.Ad-Hoc|iPhone.ActiveCfg = Ad-Hoc|iPhone
		{993D64EB-4757-479C-8CC9-44C6F06E9BA7}.Ad-Hoc|iPhone.Build.0 = Ad-Hoc|iPhone
		{993D64EB-4757-479C-8CC9-44C6F06E9BA7}.Ad-Hoc|iPhone.Deploy.0 = Ad-Hoc|iPhone
		{993D64EB-4757-479C-8CC9-44C6F06E9BA7}.Ad-Hoc|iPhoneSimulator.ActiveCfg = Ad-Hoc|iPhoneSimulator
		{993D64EB-4757-479C-8CC9-44C6F06E9BA7}.Ad-Hoc|iPhoneSimulator.Build.0 = Ad-Hoc|iPhoneSimulator
		{993D64EB-4757-479C-8CC9-44C6F06E9BA7}.Ad-Hoc|iPhoneSimulator.Deploy.0 = Ad-Hoc|iPhoneSimulator
		{993D64EB-4757-479C-8CC9-44C6F06E9BA7}.AppStore|Any CPU.ActiveCfg = AppStore|iPhone
		{993D64EB-4757-479C-8CC9-44C6F06E9BA7}.AppStore|Any CPU.Build.0 = AppStore|iPhone
		{993D64EB-4757-479C-8CC9-44C6F06E9BA7}.AppStore|Any CPU.Deploy.0 = AppStore|iPhone
		{993D64EB-4757-479C-8CC9-44C6F06E9BA7}.AppStore|iPhone.ActiveCfg = AppStore|iPhone
		{993D64EB-4757-479C-8CC9-44C6F06E9BA7}.AppStore|iPhone.Build.0 = AppStore|iPhone
		{993D64EB-4757-479C-8CC9-44C6F06E9BA7}.AppStore|iPhone.Deploy.0 = AppStore|iPhone
		{993D64EB-4757-479C-8CC9-44C6F06E9BA7}.AppStore|iPhoneSimulator.ActiveCfg = AppStore|iPhoneSimulator
		{993D64EB-4757-479C-8CC9-44C6F06E9BA7}.AppStore|iPhoneSimulator.Build.0 = AppStore|iPhoneSimulator
		{993D64EB-4757-479C-8CC9-44C6F06E9BA7}.AppStore|iPhoneSimulator.Deploy.0 = AppStore|iPhoneSimulator
		{993D64EB-4757-479C-8CC9-44C6F06E9BA7}.Debug|Any CPU.ActiveCfg = Debug|iPhoneSimulator
		{993D64EB-4757-479C-8CC9-44C6F06E9BA7}.Debug|Any CPU.Build.0 = Debug|iPhoneSimulator
		{993D64EB-4757-479C-8CC9-44C6F06E9BA7}.Debug|Any CPU.Deploy.0 = Debug|iPhoneSimulator
		{993D64EB-4757-479C-8CC9-44C6F06E9BA7}.Debug|iPhone.ActiveCfg = Debug|iPhone
		{993D64EB-4757-479C-8CC9-44C6F06E9BA7}.Debug|iPhone.Build.0 = Debug|iPhone
		{993D64EB-4757-479C-8CC9-44C6F06E9BA7}.Debug|iPhone.Deploy.0 = Debug|iPhone
		{993D64EB-4757-479C-8CC9-44C6F06E9BA7}.Debug|iPhoneSimulator.ActiveCfg = Debug|iPhoneSimulator
		{993D64EB-4757-479C-8CC9-44C6F06E9BA7}.Debug|iPhoneSimulator.Build.0 = Debug|iPhoneSimulator
		{993D64EB-4757-479C-8CC9-44C6F06E9BA7}.Debug|iPhoneSimulator.Deploy.0 = Debug|iPhoneSimulator
		{993D64EB-4757-479C-8CC9-44C6F06E9BA7}.Release|Any CPU.ActiveCfg = Release|iPhone
		{993D64EB-4757-479C-8CC9-44C6F06E9BA7}.Release|Any CPU.Build.0 = Release|iPhone
		{993D64EB-4757-479C-8CC9-44C6F06E9BA7}.Release|Any CPU.Deploy.0 = Release|iPhone
		{993D64EB-4757-479C-8CC9-44C6F06E9BA7}.Release|iPhone.ActiveCfg = Release|iPhone
		{993D64EB-4757-479C-8CC9-44C6F06E9BA7}.Release|iPhone.Build.0 = Release|iPhone
		{993D64EB-4757-479C-8CC9-44C6F06E9BA7}.Release|iPhone.Deploy.0 = Release|iPhone
		{993D64EB-4757-479C-8CC9-44C6F06E9BA7}.Release|iPhoneSimulator.ActiveCfg = Release|iPhoneSimulator
		{993D64EB-4757-479C-8CC9-44C6F06E9BA7}.Release|iPhoneSimulator.Build.0 = Release|iPhoneSimulator
		{993D64EB-4757-479C-8CC9-44C6F06E9BA7}.Release|iPhoneSimulator.Deploy.0 = Release|iPhoneSimulator
		{BDCC3B12-6CCE-4546-8D96-C2F8B9A14F6F}.Ad-Hoc|Any CPU.ActiveCfg = Debug|Any CPU
		{BDCC3B12-6CCE-4546-8D96-C2F8B9A14F6F}.Ad-Hoc|Any CPU.Build.0 = Debug|Any CPU
		{BDCC3B12-6CCE-4546-8D96-C2F8B9A14F6F}.Ad-Hoc|Any CPU.Deploy.0 = Debug|Any CPU
		{BDCC3B12-6CCE-4546-8D96-C2F8B9A14F6F}.Ad-Hoc|iPhone.ActiveCfg = Debug|Any CPU
		{BDCC3B12-6CCE-4546-8D96-C2F8B9A14F6F}.Ad-Hoc|iPhone.Build.0 = Debug|Any CPU
		{BDCC3B12-6CCE-4546-8D96-C2F8B9A14F6F}.Ad-Hoc|iPhone.Deploy.0 = Debug|Any CPU
		{BDCC3B12-6CCE-4546-8D96-C2F8B9A14F6F}.Ad-Hoc|iPhoneSimulator.ActiveCfg = Debug|Any CPU
		{BDCC3B12-6CCE-4546-8D96-C2F8B9A14F6F}.Ad-Hoc|iPhoneSimulator.Build.0 = Debug|Any CPU
		{BDCC3B12-6CCE-4546-8D96-C2F8B9A14F6F}.Ad-Hoc|iPhoneSimulator.Deploy.0 = Debug|Any CPU
		{BDCC3B12-6CCE-4546-8D96-C2F8B9A14F6F}.AppStore|Any CPU.ActiveCfg = Debug|Any CPU
		{BDCC3B12-6CCE-4546-8D96-C2F8B9A14F6F}.AppStore|Any CPU.Build.0 = Debug|Any CPU
		{BDCC3B12-6CCE-4546-8D96-C2F8B9A14F6F}.AppStore|Any CPU.Deploy.0 = Debug|Any CPU
		{BDCC3B12-6CCE-4546-8D96-C2F8B9A14F6F}.AppStore|iPhone.ActiveCfg = Debug|Any CPU
		{BDCC3B12-6CCE-4546-8D96-C2F8B9A14F6F}.AppStore|iPhone.Build.0 = Debug|Any CPU
		{BDCC3B12-6CCE-4546-8D96-C2F8B9A14F6F}.AppStore|iPhone.Deploy.0 = Debug|Any CPU
		{BDCC3B12-6CCE-4546-8D96-C2F8B9A14F6F}.AppStore|iPhoneSimulator.ActiveCfg = Debug|Any CPU
		{BDCC3B12-6CCE-4546-8D96-C2F8B9A14F6F}.AppStore|iPhoneSimulator.Build.0 = Debug|Any CPU
		{BDCC3B12-6CCE-4546-8D96-C2F8B9A14F6F}.AppStore|iPhoneSimulator.Deploy.0 = Debug|Any CPU
		{BDCC3B12-6CCE-4546-8D96-C2F8B9A14F6F}.Debug|Any CPU.ActiveCfg = Debug|Any CPU
		{BDCC3B12-6CCE-4546-8D96-C2F8B9A14F6F}.Debug|Any CPU.Build.0 = Debug|Any CPU
		{BDCC3B12-6CCE-4546-8D96-C2F8B9A14F6F}.Debug|Any CPU.Deploy.0 = Debug|Any CPU
		{BDCC3B12-6CCE-4546-8D96-C2F8B9A14F6F}.Debug|iPhone.ActiveCfg = Debug|Any CPU
		{BDCC3B12-6CCE-4546-8D96-C2F8B9A14F6F}.Debug|iPhone.Build.0 = Debug|Any CPU
		{BDCC3B12-6CCE-4546-8D96-C2F8B9A14F6F}.Debug|iPhone.Deploy.0 = Debug|Any CPU
		{BDCC3B12-6CCE-4546-8D96-C2F8B9A14F6F}.Debug|iPhoneSimulator.ActiveCfg = Debug|Any CPU
		{BDCC3B12-6CCE-4546-8D96-C2F8B9A14F6F}.Debug|iPhoneSimulator.Build.0 = Debug|Any CPU
		{BDCC3B12-6CCE-4546-8D96-C2F8B9A14F6F}.Debug|iPhoneSimulator.Deploy.0 = Debug|Any CPU
		{BDCC3B12-6CCE-4546-8D96-C2F8B9A14F6F}.Release|Any CPU.ActiveCfg = Release|Any CPU
		{BDCC3B12-6CCE-4546-8D96-C2F8B9A14F6F}.Release|Any CPU.Build.0 = Release|Any CPU
		{BDCC3B12-6CCE-4546-8D96-C2F8B9A14F6F}.Release|Any CPU.Deploy.0 = Release|Any CPU
		{BDCC3B12-6CCE-4546-8D96-C2F8B9A14F6F}.Release|iPhone.ActiveCfg = Release|Any CPU
		{BDCC3B12-6CCE-4546-8D96-C2F8B9A14F6F}.Release|iPhone.Build.0 = Release|Any CPU
		{BDCC3B12-6CCE-4546-8D96-C2F8B9A14F6F}.Release|iPhone.Deploy.0 = Release|Any CPU
		{BDCC3B12-6CCE-4546-8D96-C2F8B9A14F6F}.Release|iPhoneSimulator.ActiveCfg = Release|Any CPU
		{BDCC3B12-6CCE-4546-8D96-C2F8B9A14F6F}.Release|iPhoneSimulator.Build.0 = Release|Any CPU
		{BDCC3B12-6CCE-4546-8D96-C2F8B9A14F6F}.Release|iPhoneSimulator.Deploy.0 = Release|Any CPU
	EndGlobalSection
	GlobalSection(SolutionProperties) = preSolution
		HideSolutionNode = FALSE
	EndGlobalSection
	GlobalSection(ExtensibilityGlobals) = postSolution
		SolutionGuid = {195CE9E5-C383-4708-82D4-FABD06E2B050}
	EndGlobalSection
EndGlobal
